
Microsoft Visual Studio Solution File, Format Version 12.00
# Visual Studio Version 16
VisualStudioVersion = 16.0.810.3
MinimumVisualStudioVersion = 10.0.40219.1
Project("{FAE04EC0-301F-11D3-BF4B-00C04F79EFBC}") = "CH21-Exercise", "CH21-Exercise\CH21-Exercise.csproj", "{C7EE4051-A43A-4F12-B268-2BCCD51D0A4D}"
EndProject
Project("{FAE04EC0-301F-11D3-BF4B-00C04F79EFBC}") = "Technology-Tests1", "Technology-Tests1\Technology-Tests1.csproj", "{4BB47DDF-002A-4450-85B0-D32E1D1E31C6}"
EndProject
Global
	GlobalSection(SolutionConfigurationPlatforms) = preSolution
		Debug|Any CPU = Debug|Any CPU
		Release|Any CPU = Release|Any CPU
	EndGlobalSection
	GlobalSection(ProjectConfigurationPlatforms) = postSolution
		{C7EE4051-A43A-4F12-B268-2BCCD51D0A4D}.Debug|Any CPU.ActiveCfg = Debug|Any CPU
		{C7EE4051-A43A-4F12-B268-2BCCD51D0A4D}.Debug|Any CPU.Build.0 = Debug|Any CPU
		{C7EE4051-A43A-4F12-B268-2BCCD51D0A4D}.Release|Any CPU.ActiveCfg = Release|Any CPU
		{C7EE4051-A43A-4F12-B268-2BCCD51D0A4D}.Release|Any CPU.Build.0 = Release|Any CPU
		{4BB47DDF-002A-4450-85B0-D32E1D1E31C6}.Debug|Any CPU.ActiveCfg = Debug|Any CPU
		{4BB47DDF-002A-4450-85B0-D32E1D1E31C6}.Debug|Any CPU.Build.0 = Debug|Any CPU
		{4BB47DDF-002A-4450-85B0-D32E1D1E31C6}.Release|Any CPU.ActiveCfg = Release|Any CPU
		{4BB47DDF-002A-4450-85B0-D32E1D1E31C6}.Release|Any CPU.Build.0 = Release|Any CPU
	EndGlobalSection
	GlobalSection(SolutionProperties) = preSolution
		HideSolutionNode = FALSE
	EndGlobalSection
	GlobalSection(ExtensibilityGlobals) = postSolution
		SolutionGuid = {FD78F763-7FF8-419C-B2A5-4B0D30305C07}
	EndGlobalSection
EndGlobal
